
Microsoft Visual Studio Solution File, Format Version 12.00
# Visual Studio Version 16
VisualStudioVersion = 16.0.30621.155
MinimumVisualStudioVersion = 10.0.40219.1
Project("{FAE04EC0-301F-11D3-BF4B-00C04F79EFBC}") = "iiCoinFlip.Android", "iiCoinFlip.Android\iiCoinFlip.Android.csproj", "{75A1F719-6BFE-4C98-9B39-F258FB918FE4}"
EndProject
Project("{FAE04EC0-301F-11D3-BF4B-00C04F79EFBC}") = "iiCoinFlip", "iiCoinFlip\iiCoinFlip.csproj", "{57566B34-57E3-40B3-8852-0030AF51530F}"
EndProject
Global
	GlobalSection(SolutionConfigurationPlatforms) = preSolution
		Debug|Any CPU = Debug|Any CPU
		Release|Any CPU = Release|Any CPU
	EndGlobalSection
	GlobalSection(ProjectConfigurationPlatforms) = postSolution
		{75A1F719-6BFE-4C98-9B39-F258FB918FE4}.Debug|Any CPU.ActiveCfg = Debug|Any CPU
		{75A1F719-6BFE-4C98-9B39-F258FB918FE4}.Debug|Any CPU.Build.0 = Debug|Any CPU
		{75A1F719-6BFE-4C98-9B39-F258FB918FE4}.Debug|Any CPU.Deploy.0 = Debug|Any CPU
		{75A1F719-6BFE-4C98-9B39-F258FB918FE4}.Release|Any CPU.ActiveCfg = Release|Any CPU
		{75A1F719-6BFE-4C98-9B39-F258FB918FE4}.Release|Any CPU.Build.0 = Release|Any CPU
		{75A1F719-6BFE-4C98-9B39-F258FB918FE4}.Release|Any CPU.Deploy.0 = Release|Any CPU
		{57566B34-57E3-40B3-8852-0030AF51530F}.Debug|Any CPU.ActiveCfg = Debug|Any CPU
		{57566B34-57E3-40B3-8852-0030AF51530F}.Debug|Any CPU.Build.0 = Debug|Any CPU
		{57566B34-57E3-40B3-8852-0030AF51530F}.Debug|Any CPU.Deploy.0 = Debug|Any CPU
		{57566B34-57E3-40B3-8852-0030AF51530F}.Release|Any CPU.ActiveCfg = Release|Any CPU
		{57566B34-57E3-40B3-8852-0030AF51530F}.Release|Any CPU.Build.0 = Release|Any CPU
		{57566B34-57E3-40B3-8852-0030AF51530F}.Release|Any CPU.Deploy.0 = Release|Any CPU
	EndGlobalSection
	GlobalSection(SolutionProperties) = preSolution
		HideSolutionNode = FALSE
	EndGlobalSection
	GlobalSection(ExtensibilityGlobals) = postSolution
		SolutionGuid = {20182B4A-FC32-435F-953C-07159339EE9C}
	EndGlobalSection
EndGlobal
